# This file was autogenerated by Stack.
# You should not edit this file by hand.
# For more information, please see the documentation at:
#   https://docs.haskellstack.org/en/stable/lock_files

packages:
- completed:
    hackage: ConfigFile-1.1.4@sha256:ca56261e1deae6ef958a337b03812987bfd94ab37b047e27f262bc3137813165,2056
    pantry-tree:
      size: 1016
      sha256: 58c2dbae1878d8f5bcac2848712ccfe90391bb1e6b719f43d044ead6c496f748
  original:
    hackage: ConfigFile-1.1.4
- completed:
    hackage: llvm-hs-pure-8.0.0@sha256:8ccfdbbf0a5678f56d88f3e623da8e0e2937439988e06021cfd6874adf29226c,2945
    pantry-tree:
      size: 2601
      sha256: 2f59a247f6b9571627575e4ac5ea8a33aac6f1eb5ee8537f9e26fd7a4cbf1e28
  original:
    hackage: llvm-hs-pure-8.0.0
- completed:
    hackage: llvm-hs-8.0.0@sha256:bca4c990e355cb4d2ed02d22dd076fe84ffc76f7b5330797c54ff449037a9efc,8700
    pantry-tree:
      size: 13599
      sha256: 9c3b4bce92757a26cf7cb7981eae1f5ed3dbf9c64fbace19e2d65175d031b97c
  original:
    hackage: llvm-hs-8.0.0
- completed:
    hackage: text-replace-0.0.0.4@sha256:88800aba160dfb512cf43b24063170d34900e1646ad21f28715a22679f42ae15,1738
    pantry-tree:
      size: 293
      sha256: a7d17c85a9637ef9cc6762ea4e9b932191ede485655b5d18d41292cc9475b105
  original:
    hackage: text-replace-0.0.0.4
- completed:
    hackage: sbv-8.2@sha256:bb17f85a58fbf67cc3fd9e897f7c4a625be80da342f8903ef17e97de7c9ac2ae,18313
    pantry-tree:
      size: 52972
      sha256: b5e2f174fa20c1ef8c14cfb4e72fd35c92c35f181d042aaacce1cdf526addabd
  original:
    hackage: sbv-8.2
snapshots:
- completed:
    size: 498180
    url: https://raw.githubusercontent.com/commercialhaskell/stackage-snapshots/master/lts/13/21.yaml
    sha256: eff2de19a6d4691ccbf6edc1fba858f1918683047dce0f09adede874bbd2a8f3
  original: lts-13.21
