# This file was autogenerated by Stack.
# You should not edit this file by hand.
# For more information, please see the documentation at:
#   https://docs.haskellstack.org/en/stable/lock_files

packages:
- completed:
    hackage: ConfigFile-1.1.4@sha256:ca56261e1deae6ef958a337b03812987bfd94ab37b047e27f262bc3137813165,2056
    pantry-tree:
      size: 1016
      sha256: 58c2dbae1878d8f5bcac2848712ccfe90391bb1e6b719f43d044ead6c496f748
  original:
    hackage: ConfigFile-1.1.4
- completed:
    hackage: text-replace-0.0.0.4@sha256:88800aba160dfb512cf43b24063170d34900e1646ad21f28715a22679f42ae15,1738
    pantry-tree:
      size: 293
      sha256: a7d17c85a9637ef9cc6762ea4e9b932191ede485655b5d18d41292cc9475b105
  original:
    hackage: text-replace-0.0.0.4
- completed:
    hackage: sbv-8.5@sha256:62217ddd7a29e14e75286cba4b406187f37df63fd48f356a6639e3f9c82a18c0,19781
    pantry-tree:
      size: 54393
      sha256: c80e3c0b08211b163b5b540e9356ffc77f3e69a4e7b08e3c6b21cb3bfe22ebbe
  original:
    hackage: sbv-8.5
- completed:
    hackage: syz-0.2.0.0@sha256:7307acb8f6ae7720e7e235c974281ecee912703c1394ebcac19caf83d70bb492,2345
    pantry-tree:
      size: 256
      sha256: a5438cf5c8f701d8e2aa6543ca3d591224b83dcc379063da5ed68727da0bb1ad
  original:
    hackage: syz-0.2.0.0@sha256:7307acb8f6ae7720e7e235c974281ecee912703c1394ebcac19caf83d70bb492,2345
snapshots:
- completed:
    size: 496112
    url: https://raw.githubusercontent.com/commercialhaskell/stackage-snapshots/master/lts/15/13.yaml
    sha256: 75a1a0f870e1876898b117b0e443f911b3fa2985bfabb53158c81ab5765beda5
  original: lts-15.13
